
Microsoft Visual Studio Solution File, Format Version 12.00
# Visual Studio 15
VisualStudioVersion = 15.0.28307.705
MinimumVisualStudioVersion = 10.0.40219.1
Project("{FAE04EC0-301F-11D3-BF4B-00C04F79EFBC}") = "W2S1", "W2S1\W2S1.csproj", "{C60534CE-DCB1-4EA8-B3FA-BD8AF6AED3FF}"
EndProject
Global
	GlobalSection(SolutionConfigurationPlatforms) = preSolution
		Debug|Any CPU = Debug|Any CPU
		Release|Any CPU = Release|Any CPU
	EndGlobalSection
	GlobalSection(ProjectConfigurationPlatforms) = postSolution
		{C60534CE-DCB1-4EA8-B3FA-BD8AF6AED3FF}.Debug|Any CPU.ActiveCfg = Debug|Any CPU
		{C60534CE-DCB1-4EA8-B3FA-BD8AF6AED3FF}.Debug|Any CPU.Build.0 = Debug|Any CPU
		{C60534CE-DCB1-4EA8-B3FA-BD8AF6AED3FF}.Release|Any CPU.ActiveCfg = Release|Any CPU
		{C60534CE-DCB1-4EA8-B3FA-BD8AF6AED3FF}.Release|Any CPU.Build.0 = Release|Any CPU
	EndGlobalSection
	GlobalSection(SolutionProperties) = preSolution
		HideSolutionNode = FALSE
	EndGlobalSection
	GlobalSection(ExtensibilityGlobals) = postSolution
		SolutionGuid = {F6E36ECA-A2C3-4684-A047-10A208B3B839}
	EndGlobalSection
EndGlobal
